
Microsoft Visual Studio Solution File, Format Version 12.00
Project("{FAE04EC0-301F-11D3-BF4B-00C04F79EFBC}") = "Naninovel.WebSocketSharp", "Naninovel.WebSocketSharp\Naninovel.WebSocketSharp.csproj", "{ACDEC62F-64A7-41B8-AB22-91FA34F86840}"
EndProject
Global
	GlobalSection(SolutionConfigurationPlatforms) = preSolution
		Debug|Any CPU = Debug|Any CPU
		Release|Any CPU = Release|Any CPU
	EndGlobalSection
	GlobalSection(ProjectConfigurationPlatforms) = postSolution
		{ACDEC62F-64A7-41B8-AB22-91FA34F86840}.Debug|Any CPU.ActiveCfg = Debug|Any CPU
		{ACDEC62F-64A7-41B8-AB22-91FA34F86840}.Debug|Any CPU.Build.0 = Debug|Any CPU
		{ACDEC62F-64A7-41B8-AB22-91FA34F86840}.Release|Any CPU.ActiveCfg = Release|Any CPU
		{ACDEC62F-64A7-41B8-AB22-91FA34F86840}.Release|Any CPU.Build.0 = Release|Any CPU
	EndGlobalSection
EndGlobal
